PODS:
  - Fabric (1.5.1):
    - Fabric/Base (= 1.5.1)
  - Fabric/Base (1.5.1)
  - TGCameraViewController (2.2.1)
  - TwitterCore (1.11.1)
  - TwitterKit (1.11.1)
  - XCDYouTubeKit (2.3.1)

DEPENDENCIES:
  - Fabric
  - TGCameraViewController
  - TwitterCore
  - TwitterKit
  - XCDYouTubeKit (~> 2.3.1)

SPEC CHECKSUMS:
  Fabric: 03c3b3fe77e11a2bc31421b989a9c7adaa4779a5
  TGCameraViewController: 06bc4b742f2524fbf60f92cade61df595e8b8678
  TwitterCore: 9ec69df7571207044b1a2f57ae2c87fe73348ac5
  TwitterKit: bce9f0eac1e186caab5aa570d64d82c5cb9089be
  XCDYouTubeKit: 80e9169b644acf4e67979142f789d9e7e9e15784

COCOAPODS: 0.38.2
